
Microsoft Visual Studio Solution File, Format Version 12.00
# Visual Studio Version 16
VisualStudioVersion = 16.0.30907.101
MinimumVisualStudioVersion = 10.0.40219.1
Project("{FAE04EC0-301F-11D3-BF4B-00C04F79EFBC}") = "FontTestProject", "FontTestProject.csproj", "{DC226E55-A524-4717-8091-4ABC9652EEF2}"
EndProject
Global
	GlobalSection(SolutionConfigurationPlatforms) = preSolution
		Debug|Any CPU = Debug|Any CPU
		Release|Any CPU = Release|Any CPU
	EndGlobalSection
	GlobalSection(ProjectConfigurationPlatforms) = postSolution
		{DC226E55-A524-4717-8091-4ABC9652EEF2}.Debug|Any CPU.ActiveCfg = Debug|Any CPU
		{DC226E55-A524-4717-8091-4ABC9652EEF2}.Debug|Any CPU.Build.0 = Debug|Any CPU
		{DC226E55-A524-4717-8091-4ABC9652EEF2}.Release|Any CPU.ActiveCfg = Release|Any CPU
		{DC226E55-A524-4717-8091-4ABC9652EEF2}.Release|Any CPU.Build.0 = Release|Any CPU
	EndGlobalSection
	GlobalSection(SolutionProperties) = preSolution
		HideSolutionNode = FALSE
	EndGlobalSection
	GlobalSection(ExtensibilityGlobals) = postSolution
		SolutionGuid = {B79CD4C4-C665-4B2B-A8B3-15E65D6EC1D9}
	EndGlobalSection
EndGlobal
